// !$*UTF8*$!
{
	archiveVersion = 1;
	classes = {
	};
	objectVersion = 51;
	objects = {

/* Begin PBXBuildFile section */
		6BC6ADE722AFA255007C2FE1 /* AppDelegate.swift in Sources */ = {isa = PBXBuildFile; fileRef = 6BC6ADE622AFA255007C2FE1 /* AppDelegate.swift */; };
		6BC6ADE922AFA255007C2FE1 /* MainViewController.swift in Sources */ = {isa = PBXBuildFile; fileRef = 6BC6ADE822AFA255007C2FE1 /* MainViewController.swift */; };
		6BC6ADEC22AFA255007C2FE1 /* Main.storyboard in Resources */ = {isa = PBXBuildFile; fileRef = 6BC6ADEA22AFA255007C2FE1 /* Main.storyboard */; };
		6BC6ADEF22AFA255007C2FE1 /* Practice_RxSwift.xcdatamodeld in Sources */ = {isa = PBXBuildFile; fileRef = 6BC6ADED22AFA255007C2FE1 /* Practice_RxSwift.xcdatamodeld */; };
		6BC6ADF122AFA256007C2FE1 /* Assets.xcassets in Resources */ = {isa = PBXBuildFile; fileRef = 6BC6ADF022AFA256007C2FE1 /* Assets.xcassets */; };
		6BC6ADF422AFA256007C2FE1 /* LaunchScreen.storyboard in Resources */ = {isa = PBXBuildFile; fileRef = 6BC6ADF222AFA256007C2FE1 /* LaunchScreen.storyboard */; };
		6BC6ADFD22AFA54F007C2FE1 /* SignUpViewController.swift in Sources */ = {isa = PBXBuildFile; fileRef = 6BC6ADFC22AFA54F007C2FE1 /* SignUpViewController.swift */; };
		6BC6ADFF22B1EC98007C2FE1 /* GeoViewController.swift in Sources */ = {isa = PBXBuildFile; fileRef = 6BC6ADFE22B1EC98007C2FE1 /* GeoViewController.swift */; };
		6BC6AE0122B210C9007C2FE1 /* GeoLocationUtils.swift in Sources */ = {isa = PBXBuildFile; fileRef = 6BC6AE0022B210C9007C2FE1 /* GeoLocationUtils.swift */; };
		6BC6AE0522B2415D007C2FE1 /* GitHubSignUpViewController.swift in Sources */ = {isa = PBXBuildFile; fileRef = 6BC6AE0422B2415D007C2FE1 /* GitHubSignUpViewController.swift */; };
		6BC6AE0722B340D3007C2FE1 /* SimpleTableViewController.swift in Sources */ = {isa = PBXBuildFile; fileRef = 6BC6AE0622B340D2007C2FE1 /* SimpleTableViewController.swift */; };
		A03BE60227AAA0FC00287CD3 /* SingleRepository.swift in Sources */ = {isa = PBXBuildFile; fileRef = A03BE60127AAA0FC00287CD3 /* SingleRepository.swift */; };
		A03BE60627AAAD7200287CD3 /* SingleRepositoryTest.swift in Sources */ = {isa = PBXBuildFile; fileRef = A03BE60427AAAD6B00287CD3 /* SingleRepositoryTest.swift */; };
		A03BE60827AAB02C00287CD3 /* SingleRepositoryMock.swift in Sources */ = {isa = PBXBuildFile; fileRef = A03BE60727AAB02C00287CD3 /* SingleRepositoryMock.swift */; };
		A082C2FC27AA5E6E004F653A /* SingleViewController.swift in Sources */ = {isa = PBXBuildFile; fileRef = A082C2FB27AA5E6E004F653A /* SingleViewController.swift */; };
		A082C30C27AA7274004F653A /* SingleViewModelTest.swift in Sources */ = {isa = PBXBuildFile; fileRef = A082C30B27AA7274004F653A /* SingleViewModelTest.swift */; };
		A082C30E27AA72A6004F653A /* SingleViewModel.swift in Sources */ = {isa = PBXBuildFile; fileRef = A082C30D27AA72A6004F653A /* SingleViewModel.swift */; };
		DD35EEA842F68188B4A5A5AD /* Pods_Practice_RxSwift.framework in Frameworks */ = {isa = PBXBuildFile; fileRef = 68D81A4680A933A2D3567120 /* Pods_Practice_RxSwift.framework */; };
		FF82FB9FE0AD9E2DC8913DF9 /* Pods_Practice_RxSwiftTests.framework in Frameworks */ = {isa = PBXBuildFile; fileRef = 527ED129041ABD36CC6CECFD /* Pods_Practice_RxSwiftTests.framework */; };
/* End PBXBuildFile section */

/* Begin PBXContainerItemProxy section */
		A082C30527AA69B8004F653A /* PBXContainerItemProxy */ = {
			isa = PBXContainerItemProxy;
			containerPortal = 6BC6ADDB22AFA255007C2FE1 /* Project object */;
			proxyType = 1;
			remoteGlobalIDString = 6BC6ADE222AFA255007C2FE1;
			remoteInfo = Practice_RxSwift;
		};
/* End PBXContainerItemProxy section */

/* Begin PBXFileReference section */
		054AD3262BD4F40673D853F1 /* Pods-Practice_RxSwift.debug.xcconfig */ = {isa = PBXFileReference; includeInIndex = 1; lastKnownFileType = text.xcconfig; name = "Pods-Practice_RxSwift.debug.xcconfig"; path = "Pods/Target Support Files/Pods-Practice_RxSwift/Pods-Practice_RxSwift.debug.xcconfig"; sourceTree = "<group>"; };
		527ED129041ABD36CC6CECFD /* Pods_Practice_RxSwiftTests.framework */ = {isa = PBXFileReference; explicitFileType = wrapper.framework; includeInIndex = 0; path = Pods_Practice_RxSwiftTests.framework; sourceTree = BUILT_PRODUCTS_DIR; };
		68D81A4680A933A2D3567120 /* Pods_Practice_RxSwift.framework */ = {isa = PBXFileReference; explicitFileType = wrapper.framework; includeInIndex = 0; path = Pods_Practice_RxSwift.framework; sourceTree = BUILT_PRODUCTS_DIR; };
		6BC6ADE322AFA255007C2FE1 /* Practice_RxSwift.app */ = {isa = PBXFileReference; explicitFileType = wrapper.application; includeInIndex = 0; path = Practice_RxSwift.app; sourceTree = BUILT_PRODUCTS_DIR; };
		6BC6ADE622AFA255007C2FE1 /* AppDelegate.swift */ = {isa = PBXFileReference; lastKnownFileType = sourcecode.swift; path = AppDelegate.swift; sourceTree = "<group>"; };
		6BC6ADE822AFA255007C2FE1 /* MainViewController.swift */ = {isa = PBXFileReference; lastKnownFileType = sourcecode.swift; path = MainViewController.swift; sourceTree = "<group>"; };
		6BC6ADEB22AFA255007C2FE1 /* Base */ = {isa = PBXFileReference; lastKnownFileType = file.storyboard; name = Base; path = Base.lproj/Main.storyboard; sourceTree = "<group>"; };
		6BC6ADEE22AFA255007C2FE1 /* Practice_RxSwift.xcdatamodel */ = {isa = PBXFileReference; lastKnownFileType = wrapper.xcdatamodel; path = Practice_RxSwift.xcdatamodel; sourceTree = "<group>"; };
		6BC6ADF022AFA256007C2FE1 /* Assets.xcassets */ = {isa = PBXFileReference; lastKnownFileType = folder.assetcatalog; path = Assets.xcassets; sourceTree = "<group>"; };
		6BC6ADF322AFA256007C2FE1 /* Base */ = {isa = PBXFileReference; lastKnownFileType = file.storyboard; name = Base; path = Base.lproj/LaunchScreen.storyboard; sourceTree = "<group>"; };
		6BC6ADF522AFA256007C2FE1 /* Info.plist */ = {isa = PBXFileReference; lastKnownFileType = text.plist.xml; path = Info.plist; sourceTree = "<group>"; };
		6BC6ADFC22AFA54F007C2FE1 /* SignUpViewController.swift */ = {isa = PBXFileReference; lastKnownFileType = sourcecode.swift; path = SignUpViewController.swift; sourceTree = "<group>"; };
		6BC6ADFE22B1EC98007C2FE1 /* GeoViewController.swift */ = {isa = PBXFileReference; lastKnownFileType = sourcecode.swift; path = GeoViewController.swift; sourceTree = "<group>"; };
		6BC6AE0022B210C9007C2FE1 /* GeoLocationUtils.swift */ = {isa = PBXFileReference; lastKnownFileType = sourcecode.swift; path = GeoLocationUtils.swift; sourceTree = "<group>"; };
		6BC6AE0422B2415D007C2FE1 /* GitHubSignUpViewController.swift */ = {isa = PBXFileReference; lastKnownFileType = sourcecode.swift; path = GitHubSignUpViewController.swift; sourceTree = "<group>"; };
		6BC6AE0622B340D2007C2FE1 /* SimpleTableViewController.swift */ = {isa = PBXFileReference; lastKnownFileType = sourcecode.swift; path = SimpleTableViewController.swift; sourceTree = "<group>"; };
		7261CD40112F15ADB7208DFD /* Pods-Practice_RxSwiftTests.debug.xcconfig */ = {isa = PBXFileReference; includeInIndex = 1; lastKnownFileType = text.xcconfig; name = "Pods-Practice_RxSwiftTests.debug.xcconfig"; path = "Pods/Target Support Files/Pods-Practice_RxSwiftTests/Pods-Practice_RxSwiftTests.debug.xcconfig"; sourceTree = "<group>"; };
		98BD979536A0332AA3405B02 /* Pods-Practice_RxSwiftTests.release.xcconfig */ = {isa = PBXFileReference; includeInIndex = 1; lastKnownFileType = text.xcconfig; name = "Pods-Practice_RxSwiftTests.release.xcconfig"; path = "Pods/Target Support Files/Pods-Practice_RxSwiftTests/Pods-Practice_RxSwiftTests.release.xcconfig"; sourceTree = "<group>"; };
		A03BE60127AAA0FC00287CD3 /* SingleRepository.swift */ = {isa = PBXFileReference; lastKnownFileType = sourcecode.swift; path = SingleRepository.swift; sourceTree = "<group>"; };
		A03BE60427AAAD6B00287CD3 /* SingleRepositoryTest.swift */ = {isa = PBXFileReference; lastKnownFileType = sourcecode.swift; path = SingleRepositoryTest.swift; sourceTree = "<group>"; };
		A03BE60727AAB02C00287CD3 /* SingleRepositoryMock.swift */ = {isa = PBXFileReference; lastKnownFileType = sourcecode.swift; path = SingleRepositoryMock.swift; sourceTree = "<group>"; };
		A082C2FB27AA5E6E004F653A /* SingleViewController.swift */ = {isa = PBXFileReference; lastKnownFileType = sourcecode.swift; path = SingleViewController.swift; sourceTree = "<group>"; };
		A082C30127AA69B8004F653A /* Practice_RxSwiftTests.xctest */ = {isa = PBXFileReference; explicitFileType = wrapper.cfbundle; includeInIndex = 0; path = Practice_RxSwiftTests.xctest; sourceTree = BUILT_PRODUCTS_DIR; };
		A082C30B27AA7274004F653A /* SingleViewModelTest.swift */ = {isa = PBXFileReference; lastKnownFileType = sourcecode.swift; path = SingleViewModelTest.swift; sourceTree = "<group>"; };
		A082C30D27AA72A6004F653A /* SingleViewModel.swift */ = {isa = PBXFileReference; lastKnownFileType = sourcecode.swift; path = SingleViewModel.swift; sourceTree = "<group>"; };
		B41CF7C86D9DCC41109EE2DA /* Pods-Practice_RxSwift.release.xcconfig */ = {isa = PBXFileReference; includeInIndex = 1; lastKnownFileType = text.xcconfig; name = "Pods-Practice_RxSwift.release.xcconfig"; path = "Pods/Target Support Files/Pods-Practice_RxSwift/Pods-Practice_RxSwift.release.xcconfig"; sourceTree = "<group>"; };
/* End PBXFileReference section */

/* Begin PBXFrameworksBuildPhase section */
		6BC6ADE022AFA255007C2FE1 /* Frameworks */ = {
			isa = PBXFrameworksBuildPhase;
			buildActionMask = 2147483647;
			files = (
				DD35EEA842F68188B4A5A5AD /* Pods_Practice_RxSwift.framework in Frameworks */,
			);
			runOnlyForDeploymentPostprocessing = 0;
		};
		A082C2FE27AA69B8004F653A /* Frameworks */ = {
			isa = PBXFrameworksBuildPhase;
			buildActionMask = 2147483647;
			files = (
				FF82FB9FE0AD9E2DC8913DF9 /* Pods_Practice_RxSwiftTests.framework in Frameworks */,
			);
			runOnlyForDeploymentPostprocessing = 0;
		};
/* End PBXFrameworksBuildPhase section */

/* Begin PBXGroup section */
		3E5C9B9BF5910B511D438F40 /* Frameworks */ = {
			isa = PBXGroup;
			children = (
				68D81A4680A933A2D3567120 /* Pods_Practice_RxSwift.framework */,
				527ED129041ABD36CC6CECFD /* Pods_Practice_RxSwiftTests.framework */,
			);
			name = Frameworks;
			sourceTree = "<group>";
		};
		6BC6ADDA22AFA255007C2FE1 = {
			isa = PBXGroup;
			children = (
				6BC6ADE522AFA255007C2FE1 /* Practice_RxSwift */,
				6BC6ADE422AFA255007C2FE1 /* Products */,
				7DE92FD7B2DC384A0B875A8E /* Pods */,
				3E5C9B9BF5910B511D438F40 /* Frameworks */,
			);
			sourceTree = "<group>";
		};
		6BC6ADE422AFA255007C2FE1 /* Products */ = {
			isa = PBXGroup;
			children = (
				6BC6ADE322AFA255007C2FE1 /* Practice_RxSwift.app */,
				A082C30127AA69B8004F653A /* Practice_RxSwiftTests.xctest */,
			);
			name = Products;
			sourceTree = "<group>";
		};
		6BC6ADE522AFA255007C2FE1 /* Practice_RxSwift */ = {
			isa = PBXGroup;
			children = (
				6BC6ADE622AFA255007C2FE1 /* AppDelegate.swift */,
				6BC6AE0322B24148007C2FE1 /* VC */,
				6BC6AE0222B24137007C2FE1 /* Utils */,
				6BC6ADEA22AFA255007C2FE1 /* Main.storyboard */,
				6BC6ADF022AFA256007C2FE1 /* Assets.xcassets */,
				6BC6ADF222AFA256007C2FE1 /* LaunchScreen.storyboard */,
				6BC6ADF522AFA256007C2FE1 /* Info.plist */,
				6BC6ADED22AFA255007C2FE1 /* Practice_RxSwift.xcdatamodeld */,
			);
			path = Practice_RxSwift;
			sourceTree = "<group>";
		};
		6BC6AE0222B24137007C2FE1 /* Utils */ = {
			isa = PBXGroup;
			children = (
				6BC6AE0022B210C9007C2FE1 /* GeoLocationUtils.swift */,
			);
			path = Utils;
			sourceTree = "<group>";
		};
		6BC6AE0322B24148007C2FE1 /* VC */ = {
			isa = PBXGroup;
			children = (
				6BC6ADE822AFA255007C2FE1 /* MainViewController.swift */,
				6BC6ADFC22AFA54F007C2FE1 /* SignUpViewController.swift */,
				6BC6ADFE22B1EC98007C2FE1 /* GeoViewController.swift */,
				6BC6AE0422B2415D007C2FE1 /* GitHubSignUpViewController.swift */,
				6BC6AE0622B340D2007C2FE1 /* SimpleTableViewController.swift */,
				A082C30A27AA69C6004F653A /* Single */,
			);
			path = VC;
			sourceTree = "<group>";
		};
		7DE92FD7B2DC384A0B875A8E /* Pods */ = {
			isa = PBXGroup;
			children = (
				054AD3262BD4F40673D853F1 /* Pods-Practice_RxSwift.debug.xcconfig */,
				B41CF7C86D9DCC41109EE2DA /* Pods-Practice_RxSwift.release.xcconfig */,
				7261CD40112F15ADB7208DFD /* Pods-Practice_RxSwiftTests.debug.xcconfig */,
				98BD979536A0332AA3405B02 /* Pods-Practice_RxSwiftTests.release.xcconfig */,
			);
			name = Pods;
			sourceTree = "<group>";
		};
		A03BE60327AAAD5400287CD3 /* Test */ = {
			isa = PBXGroup;
			children = (
				A082C30B27AA7274004F653A /* SingleViewModelTest.swift */,
				A03BE60427AAAD6B00287CD3 /* SingleRepositoryTest.swift */,
				A03BE60727AAB02C00287CD3 /* SingleRepositoryMock.swift */,
			);
			path = Test;
			sourceTree = "<group>";
		};
		A082C30A27AA69C6004F653A /* Single */ = {
			isa = PBXGroup;
			children = (
				A03BE60327AAAD5400287CD3 /* Test */,
				A082C2FB27AA5E6E004F653A /* SingleViewController.swift */,
				A082C30D27AA72A6004F653A /* SingleViewModel.swift */,
				A03BE60127AAA0FC00287CD3 /* SingleRepository.swift */,
			);
			path = Single;
			sourceTree = "<group>";
		};
/* End PBXGroup section */

/* Begin PBXNativeTarget section */
		6BC6ADE222AFA255007C2FE1 /* Practice_RxSwift */ = {
			isa = PBXNativeTarget;
			buildConfigurationList = 6BC6ADF822AFA256007C2FE1 /* Build configuration list for PBXNativeTarget "Practice_RxSwift" */;
			buildPhases = (
				C95378FFA2C468822E137AA3 /* [CP] Check Pods Manifest.lock */,
				6BC6ADDF22AFA255007C2FE1 /* Sources */,
				6BC6ADE022AFA255007C2FE1 /* Frameworks */,
				6BC6ADE122AFA255007C2FE1 /* Resources */,
				78AF7A8201AC33D61C997EE4 /* [CP] Embed Pods Frameworks */,
			);
			buildRules = (
			);
			dependencies = (
			);
			name = Practice_RxSwift;
			productName = Practice_RxSwift;
			productReference = 6BC6ADE322AFA255007C2FE1 /* Practice_RxSwift.app */;
			productType = "com.apple.product-type.application";
		};
		A082C30027AA69B8004F653A /* Practice_RxSwiftTests */ = {
			isa = PBXNativeTarget;
			buildConfigurationList = A082C30727AA69B8004F653A /* Build configuration list for PBXNativeTarget "Practice_RxSwiftTests" */;
			buildPhases = (
				A568D00C31D149E7D5103493 /* [CP] Check Pods Manifest.lock */,
				A082C2FD27AA69B8004F653A /* Sources */,
				A082C2FE27AA69B8004F653A /* Frameworks */,
				A082C2FF27AA69B8004F653A /* Resources */,
			);
			buildRules = (
			);
			dependencies = (
				A082C30627AA69B8004F653A /* PBXTargetDependency */,
			);
			name = Practice_RxSwiftTests;
			productName = Practice_RxSwiftTests;
			productReference = A082C30127AA69B8004F653A /* Practice_RxSwiftTests.xctest */;
			productType = "com.apple.product-type.bundle.unit-test";
		};
/* End PBXNativeTarget section */

/* Begin PBXProject section */
		6BC6ADDB22AFA255007C2FE1 /* Project object */ = {
			isa = PBXProject;
			attributes = {
				LastSwiftUpdateCheck = 1320;
				LastUpgradeCheck = 1020;
				ORGANIZATIONNAME = kimjiseob;
				TargetAttributes = {
					6BC6ADE222AFA255007C2FE1 = {
						CreatedOnToolsVersion = 10.2.1;
					};
					A082C30027AA69B8004F653A = {
						CreatedOnToolsVersion = 13.2.1;
						TestTargetID = 6BC6ADE222AFA255007C2FE1;
					};
				};
			};
			buildConfigurationList = 6BC6ADDE22AFA255007C2FE1 /* Build configuration list for PBXProject "Practice_RxSwift" */;
			compatibilityVersion = "Xcode 9.3";
			developmentRegion = en;
			hasScannedForEncodings = 0;
			knownRegions = (
				en,
				Base,
			);
			mainGroup = 6BC6ADDA22AFA255007C2FE1;
			productRefGroup = 6BC6ADE422AFA255007C2FE1 /* Products */;
			projectDirPath = "";
			projectRoot = "";
			targets = (
				6BC6ADE222AFA255007C2FE1 /* Practice_RxSwift */,
				A082C30027AA69B8004F653A /* Practice_RxSwiftTests */,
			);
		};
/* End PBXProject section */

/* Begin PBXResourcesBuildPhase section */
		6BC6ADE122AFA255007C2FE1 /* Resources */ = {
			isa = PBXResourcesBuildPhase;
			buildActionMask = 2147483647;
			files = (
				6BC6ADF422AFA256007C2FE1 /* LaunchScreen.storyboard in Resources */,
				6BC6ADF122AFA256007C2FE1 /* Assets.xcassets in Resources */,
				6BC6ADEC22AFA255007C2FE1 /* Main.storyboard in Resources */,
			);
			runOnlyForDeploymentPostprocessing = 0;
		};
		A082C2FF27AA69B8004F653A /* Resources */ = {
			isa = PBXResourcesBuildPhase;
			buildActionMask = 2147483647;
			files = (
			);
			runOnlyForDeploymentPostprocessing = 0;
		};
/* End PBXResourcesBuildPhase section */

/* Begin PBXShellScriptBuildPhase section */
		78AF7A8201AC33D61C997EE4 /* [CP] Embed Pods Frameworks */ = {
			isa = PBXShellScriptBuildPhase;
			buildActionMask = 2147483647;
			files = (
			);
			inputFileListPaths = (
				"${PODS_ROOT}/Target Support Files/Pods-Practice_RxSwift/Pods-Practice_RxSwift-frameworks-${CONFIGURATION}-input-files.xcfilelist",
			);
			name = "[CP] Embed Pods Frameworks";
			outputFileListPaths = (
				"${PODS_ROOT}/Target Support Files/Pods-Practice_RxSwift/Pods-Practice_RxSwift-frameworks-${CONFIGURATION}-output-files.xcfilelist",
			);
			runOnlyForDeploymentPostprocessing = 0;
			shellPath = /bin/sh;
			shellScript = "\"${PODS_ROOT}/Target Support Files/Pods-Practice_RxSwift/Pods-Practice_RxSwift-frameworks.sh\"\n";
			showEnvVarsInLog = 0;
		};
		A568D00C31D149E7D5103493 /* [CP] Check Pods Manifest.lock */ = {
			isa = PBXShellScriptBuildPhase;
			buildActionMask = 2147483647;
			files = (
			);
			inputFileListPaths = (
			);
			inputPaths = (
				"${PODS_PODFILE_DIR_PATH}/Podfile.lock",
				"${PODS_ROOT}/Manifest.lock",
			);
			name = "[CP] Check Pods Manifest.lock";
			outputFileListPaths = (
			);
			outputPaths = (
				"$(DERIVED_FILE_DIR)/Pods-Practice_RxSwiftTests-checkManifestLockResult.txt",
			);
			runOnlyForDeploymentPostprocessing = 0;
			shellPath = /bin/sh;
			shellScript = "diff \"${PODS_PODFILE_DIR_PATH}/Podfile.lock\" \"${PODS_ROOT}/Manifest.lock\" > /dev/null\nif [ $? != 0 ] ; then\n    # print error to STDERR\n    echo \"error: The sandbox is not in sync with the Podfile.lock. Run 'pod install' or update your CocoaPods installation.\" >&2\n    exit 1\nfi\n# This output is used by Xcode 'outputs' to avoid re-running this script phase.\necho \"SUCCESS\" > \"${SCRIPT_OUTPUT_FILE_0}\"\n";
			showEnvVarsInLog = 0;
		};
		C95378FFA2C468822E137AA3 /* [CP] Check Pods Manifest.lock */ = {
			isa = PBXShellScriptBuildPhase;
			buildActionMask = 2147483647;
			files = (
			);
			inputFileListPaths = (
			);
			inputPaths = (
				"${PODS_PODFILE_DIR_PATH}/Podfile.lock",
				"${PODS_ROOT}/Manifest.lock",
			);
			name = "[CP] Check Pods Manifest.lock";
			outputFileListPaths = (
			);
			outputPaths = (
				"$(DERIVED_FILE_DIR)/Pods-Practice_RxSwift-checkManifestLockResult.txt",
			);
			runOnlyForDeploymentPostprocessing = 0;
			shellPath = /bin/sh;
			shellScript = "diff \"${PODS_PODFILE_DIR_PATH}/Podfile.lock\" \"${PODS_ROOT}/Manifest.lock\" > /dev/null\nif [ $? != 0 ] ; then\n    # print error to STDERR\n    echo \"error: The sandbox is not in sync with the Podfile.lock. Run 'pod install' or update your CocoaPods installation.\" >&2\n    exit 1\nfi\n# This output is used by Xcode 'outputs' to avoid re-running this script phase.\necho \"SUCCESS\" > \"${SCRIPT_OUTPUT_FILE_0}\"\n";
			showEnvVarsInLog = 0;
		};
/* End PBXShellScriptBuildPhase section */

/* Begin PBXSourcesBuildPhase section */
		6BC6ADDF22AFA255007C2FE1 /* Sources */ = {
			isa = PBXSourcesBuildPhase;
			buildActionMask = 2147483647;
			files = (
				6BC6ADE922AFA255007C2FE1 /* MainViewController.swift in Sources */,
				6BC6ADEF22AFA255007C2FE1 /* Practice_RxSwift.xcdatamodeld in Sources */,
				6BC6ADFF22B1EC98007C2FE1 /* GeoViewController.swift in Sources */,
				A082C2FC27AA5E6E004F653A /* SingleViewController.swift in Sources */,
				6BC6AE0722B340D3007C2FE1 /* SimpleTableViewController.swift in Sources */,
				6BC6ADFD22AFA54F007C2FE1 /* SignUpViewController.swift in Sources */,
				A082C30E27AA72A6004F653A /* SingleViewModel.swift in Sources */,
				6BC6ADE722AFA255007C2FE1 /* AppDelegate.swift in Sources */,
				6BC6AE0122B210C9007C2FE1 /* GeoLocationUtils.swift in Sources */,
				A03BE60827AAB02C00287CD3 /* SingleRepositoryMock.swift in Sources */,
				6BC6AE0522B2415D007C2FE1 /* GitHubSignUpViewController.swift in Sources */,
				A03BE60227AAA0FC00287CD3 /* SingleRepository.swift in Sources */,
			);
			runOnlyForDeploymentPostprocessing = 0;
		};
		A082C2FD27AA69B8004F653A /* Sources */ = {
			isa = PBXSourcesBuildPhase;
			buildActionMask = 2147483647;
			files = (
				A082C30C27AA7274004F653A /* SingleViewModelTest.swift in Sources */,
				A03BE60627AAAD7200287CD3 /* SingleRepositoryTest.swift in Sources */,
			);
			runOnlyForDeploymentPostprocessing = 0;
		};
/* End PBXSourcesBuildPhase section */

/* Begin PBXTargetDependency section */
		A082C30627AA69B8004F653A /* PBXTargetDependency */ = {
			isa = PBXTargetDependency;
			target = 6BC6ADE222AFA255007C2FE1 /* Practice_RxSwift */;
			targetProxy = A082C30527AA69B8004F653A /* PBXContainerItemProxy */;
		};
/* End PBXTargetDependency section */

/* Begin PBXVariantGroup section */
		6BC6ADEA22AFA255007C2FE1 /* Main.storyboard */ = {
			isa = PBXVariantGroup;
			children = (
				6BC6ADEB22AFA255007C2FE1 /* Base */,
			);
			name = Main.storyboard;
			sourceTree = "<group>";
		};
		6BC6ADF222AFA256007C2FE1 /* LaunchScreen.storyboard */ = {
			isa = PBXVariantGroup;
			children = (
				6BC6ADF322AFA256007C2FE1 /* Base */,
			);
			name = LaunchScreen.storyboard;
			sourceTree = "<group>";
		};
/* End PBXVariantGroup section */

/* Begin XCBuildConfiguration section */
		6BC6ADF622AFA256007C2FE1 /* Debug */ = {
			isa = XCBuildConfiguration;
			buildSettings = {
				ALWAYS_SEARCH_USER_PATHS = NO;
				CLANG_ANALYZER_NONNULL = YES;
				CLANG_ANALYZER_NUMBER_OBJECT_CONVERSION = YES_AGGRESSIVE;
				CLANG_CXX_LANGUAGE_STANDARD = "gnu++14";
				CLANG_CXX_LIBRARY = "libc++";
				CLANG_ENABLE_MODULES = YES;
				CLANG_ENABLE_OBJC_ARC = YES;
				CLANG_ENABLE_OBJC_WEAK = YES;
				CLANG_WARN_BLOCK_CAPTURE_AUTORELEASING = YES;
				CLANG_WARN_BOOL_CONVERSION = YES;
				CLANG_WARN_COMMA = YES;
				CLANG_WARN_CONSTANT_CONVERSION = YES;
				CLANG_WARN_DEPRECATED_OBJC_IMPLEMENTATIONS = YES;
				CLANG_WARN_DIRECT_OBJC_ISA_USAGE = YES_ERROR;
				CLANG_WARN_DOCUMENTATION_COMMENTS = YES;
				CLANG_WARN_EMPTY_BODY = YES;
				CLANG_WARN_ENUM_CONVERSION = YES;
				CLANG_WARN_INFINITE_RECURSION = YES;
				CLANG_WARN_INT_CONVERSION = YES;
				CLANG_WARN_NON_LITERAL_NULL_CONVERSION = YES;
				CLANG_WARN_OBJC_IMPLICIT_RETAIN_SELF = YES;
				CLANG_WARN_OBJC_LITERAL_CONVERSION = YES;
				CLANG_WARN_OBJC_ROOT_CLASS = YES_ERROR;
				CLANG_WARN_RANGE_LOOP_ANALYSIS = YES;
				CLANG_WARN_STRICT_PROTOTYPES = YES;
				CLANG_WARN_SUSPICIOUS_MOVE = YES;
				CLANG_WARN_UNGUARDED_AVAILABILITY = YES_AGGRESSIVE;
				CLANG_WARN_UNREACHABLE_CODE = YES;
				CLANG_WARN__DUPLICATE_METHOD_MATCH = YES;
				CODE_SIGN_IDENTITY = "iPhone Developer";
				COPY_PHASE_STRIP = NO;
				DEBUG_INFORMATION_FORMAT = dwarf;
				ENABLE_STRICT_OBJC_MSGSEND = YES;
				ENABLE_TESTABILITY = YES;
				GCC_C_LANGUAGE_STANDARD = gnu11;
				GCC_DYNAMIC_NO_PIC = NO;
				GCC_NO_COMMON_BLOCKS = YES;
				GCC_OPTIMIZATION_LEVEL = 0;
				GCC_PREPROCESSOR_DEFINITIONS = (
					"DEBUG=1",
					"$(inherited)",
				);
				GCC_WARN_64_TO_32_BIT_CONVERSION = YES;
				GCC_WARN_ABOUT_RETURN_TYPE = YES_ERROR;
				GCC_WARN_UNDECLARED_SELECTOR = YES;
				GCC_WARN_UNINITIALIZED_AUTOS = YES_AGGRESSIVE;
				GCC_WARN_UNUSED_FUNCTION = YES;
				GCC_WARN_UNUSED_VARIABLE = YES;
				IPHONEOS_DEPLOYMENT_TARGET = 12.2;
				MTL_ENABLE_DEBUG_INFO = INCLUDE_SOURCE;
				MTL_FAST_MATH = YES;
				ONLY_ACTIVE_ARCH = YES;
				SDKROOT = iphoneos;
				SWIFT_ACTIVE_COMPILATION_CONDITIONS = DEBUG;
				SWIFT_OPTIMIZATION_LEVEL = "-Onone";
			};
			name = Debug;
		};
		6BC6ADF722AFA256007C2FE1 /* Release */ = {
			isa = XCBuildConfiguration;
			buildSettings = {
				ALWAYS_SEARCH_USER_PATHS = NO;
				CLANG_ANALYZER_NONNULL = YES;
				CLANG_ANALYZER_NUMBER_OBJECT_CONVERSION = YES_AGGRESSIVE;
				CLANG_CXX_LANGUAGE_STANDARD = "gnu++14";
				CLANG_CXX_LIBRARY = "libc++";
				CLANG_ENABLE_MODULES = YES;
				CLANG_ENABLE_OBJC_ARC = YES;
				CLANG_ENABLE_OBJC_WEAK = YES;
				CLANG_WARN_BLOCK_CAPTURE_AUTORELEASING = YES;
				CLANG_WARN_BOOL_CONVERSION = YES;
				CLANG_WARN_COMMA = YES;
				CLANG_WARN_CONSTANT_CONVERSION = YES;
				CLANG_WARN_DEPRECATED_OBJC_IMPLEMENTATIONS = YES;
				CLANG_WARN_DIRECT_OBJC_ISA_USAGE = YES_ERROR;
				CLANG_WARN_DOCUMENTATION_COMMENTS = YES;
				CLANG_WARN_EMPTY_BODY = YES;
				CLANG_WARN_ENUM_CONVERSION = YES;
				CLANG_WARN_INFINITE_RECURSION = YES;
				CLANG_WARN_INT_CONVERSION = YES;
				CLANG_WARN_NON_LITERAL_NULL_CONVERSION = YES;
				CLANG_WARN_OBJC_IMPLICIT_RETAIN_SELF = YES;
				CLANG_WARN_OBJC_LITERAL_CONVERSION = YES;
				CLANG_WARN_OBJC_ROOT_CLASS = YES_ERROR;
				CLANG_WARN_RANGE_LOOP_ANALYSIS = YES;
				CLANG_WARN_STRICT_PROTOTYPES = YES;
				CLANG_WARN_SUSPICIOUS_MOVE = YES;
				CLANG_WARN_UNGUARDED_AVAILABILITY = YES_AGGRESSIVE;
				CLANG_WARN_UNREACHABLE_CODE = YES;
				CLANG_WARN__DUPLICATE_METHOD_MATCH = YES;
				CODE_SIGN_IDENTITY = "iPhone Developer";
				COPY_PHASE_STRIP = NO;
				DEBUG_INFORMATION_FORMAT = "dwarf-with-dsym";
				ENABLE_NS_ASSERTIONS = NO;
				ENABLE_STRICT_OBJC_MSGSEND = YES;
				GCC_C_LANGUAGE_STANDARD = gnu11;
				GCC_NO_COMMON_BLOCKS = YES;
				GCC_WARN_64_TO_32_BIT_CONVERSION = YES;
				GCC_WARN_ABOUT_RETURN_TYPE = YES_ERROR;
				GCC_WARN_UNDECLARED_SELECTOR = YES;
				GCC_WARN_UNINITIALIZED_AUTOS = YES_AGGRESSIVE;
				GCC_WARN_UNUSED_FUNCTION = YES;
				GCC_WARN_UNUSED_VARIABLE = YES;
				IPHONEOS_DEPLOYMENT_TARGET = 12.2;
				MTL_ENABLE_DEBUG_INFO = NO;
				MTL_FAST_MATH = YES;
				SDKROOT = iphoneos;
				SWIFT_COMPILATION_MODE = wholemodule;
				SWIFT_OPTIMIZATION_LEVEL = "-O";
				VALIDATE_PRODUCT = YES;
			};
			name = Release;
		};
		6BC6ADF922AFA256007C2FE1 /* Debug */ = {
			isa = XCBuildConfiguration;
			baseConfigurationReference = 054AD3262BD4F40673D853F1 /* Pods-Practice_RxSwift.debug.xcconfig */;
			buildSettings = {
				ASSETCATALOG_COMPILER_APPICON_NAME = AppIcon;
				CODE_SIGN_STYLE = Automatic;
				DEVELOPMENT_TEAM = 689KAW4595;
				INFOPLIST_FILE = Practice_RxSwift/Info.plist;
				IPHONEOS_DEPLOYMENT_TARGET = 15.0;
				LD_RUNPATH_SEARCH_PATHS = (
					"$(inherited)",
					"@executable_path/Frameworks",
				);
				PRODUCT_BUNDLE_IDENTIFIER = "com.KJS.Practice-RxSwift";
				PRODUCT_NAME = "$(TARGET_NAME)";
				SWIFT_VERSION = 5.0;
				TARGETED_DEVICE_FAMILY = "1,2";
			};
			name = Debug;
		};
		6BC6ADFA22AFA256007C2FE1 /* Release */ = {
			isa = XCBuildConfiguration;
			baseConfigurationReference = B41CF7C86D9DCC41109EE2DA /* Pods-Practice_RxSwift.release.xcconfig */;
			buildSettings = {
				ASSETCATALOG_COMPILER_APPICON_NAME = AppIcon;
				CODE_SIGN_STYLE = Automatic;
				DEVELOPMENT_TEAM = 689KAW4595;
				INFOPLIST_FILE = Practice_RxSwift/Info.plist;
				IPHONEOS_DEPLOYMENT_TARGET = 15.0;
				LD_RUNPATH_SEARCH_PATHS = (
					"$(inherited)",
					"@executable_path/Frameworks",
				);
				PRODUCT_BUNDLE_IDENTIFIER = "com.KJS.Practice-RxSwift";
				PRODUCT_NAME = "$(TARGET_NAME)";
				SWIFT_VERSION = 5.0;
				TARGETED_DEVICE_FAMILY = "1,2";
			};
			name = Release;
		};
		A082C30827AA69B8004F653A /* Debug */ = {
			isa = XCBuildConfiguration;
			baseConfigurationReference = 7261CD40112F15ADB7208DFD /* Pods-Practice_RxSwiftTests.debug.xcconfig */;
			buildSettings = {
				BUNDLE_LOADER = "$(TEST_HOST)";
				CLANG_CXX_LANGUAGE_STANDARD = "gnu++17";
				CLANG_WARN_QUOTED_INCLUDE_IN_FRAMEWORK_HEADER = YES;
				CODE_SIGN_STYLE = Automatic;
				CURRENT_PROJECT_VERSION = 1;
				DEVELOPMENT_TEAM = 689KAW4595;
				GENERATE_INFOPLIST_FILE = YES;
				IPHONEOS_DEPLOYMENT_TARGET = 15.2;
				MARKETING_VERSION = 1.0;
				PRODUCT_BUNDLE_IDENTIFIER = "com.js.Practice-RxSwiftTests";
				PRODUCT_NAME = "$(TARGET_NAME)";
				SWIFT_EMIT_LOC_STRINGS = NO;
				SWIFT_VERSION = 5.0;
				TARGETED_DEVICE_FAMILY = "1,2";
				TEST_HOST = "$(BUILT_PRODUCTS_DIR)/Practice_RxSwift.app/Practice_RxSwift";
			};
			name = Debug;
		};
		A082C30927AA69B8004F653A /* Release */ = {
			isa = XCBuildConfiguration;
			baseConfigurationReference = 98BD979536A0332AA3405B02 /* Pods-Practice_RxSwiftTests.release.xcconfig */;
			buildSettings = {
				BUNDLE_LOADER = "$(TEST_HOST)";
				CLANG_CXX_LANGUAGE_STANDARD = "gnu++17";
				CLANG_WARN_QUOTED_INCLUDE_IN_FRAMEWORK_HEADER = YES;
				CODE_SIGN_STYLE = Automatic;
				CURRENT_PROJECT_VERSION = 1;
				DEVELOPMENT_TEAM = 689KAW4595;
				GENERATE_INFOPLIST_FILE = YES;
				IPHONEOS_DEPLOYMENT_TARGET = 15.2;
				MARKETING_VERSION = 1.0;
				PRODUCT_BUNDLE_IDENTIFIER = "com.js.Practice-RxSwiftTests";
				PRODUCT_NAME = "$(TARGET_NAME)";
				SWIFT_EMIT_LOC_STRINGS = NO;
				SWIFT_VERSION = 5.0;
				TARGETED_DEVICE_FAMILY = "1,2";
				TEST_HOST = "$(BUILT_PRODUCTS_DIR)/Practice_RxSwift.app/Practice_RxSwift";
			};
			name = Release;
		};
/* End XCBuildConfiguration section */

/* Begin XCConfigurationList section */
		6BC6ADDE22AFA255007C2FE1 /* Build configuration list for PBXProject "Practice_RxSwift" */ = {
			isa = XCConfigurationList;
			buildConfigurations = (
				6BC6ADF622AFA256007C2FE1 /* Debug */,
				6BC6ADF722AFA256007C2FE1 /* Release */,
			);
			defaultConfigurationIsVisible = 0;
			defaultConfigurationName = Release;
		};
		6BC6ADF822AFA256007C2FE1 /* Build configuration list for PBXNativeTarget "Practice_RxSwift" */ = {
			isa = XCConfigurationList;
			buildConfigurations = (
				6BC6ADF922AFA256007C2FE1 /* Debug */,
				6BC6ADFA22AFA256007C2FE1 /* Release */,
			);
			defaultConfigurationIsVisible = 0;
			defaultConfigurationName = Release;
		};
		A082C30727AA69B8004F653A /* Build configuration list for PBXNativeTarget "Practice_RxSwiftTests" */ = {
			isa = XCConfigurationList;
			buildConfigurations = (
				A082C30827AA69B8004F653A /* Debug */,
				A082C30927AA69B8004F653A /* Release */,
			);
			defaultConfigurationIsVisible = 0;
			defaultConfigurationName = Release;
		};
/* End XCConfigurationList section */

/* Begin XCVersionGroup section */
		6BC6ADED22AFA255007C2FE1 /* Practice_RxSwift.xcdatamodeld */ = {
			isa = XCVersionGroup;
			children = (
				6BC6ADEE22AFA255007C2FE1 /* Practice_RxSwift.xcdatamodel */,
			);
			currentVersion = 6BC6ADEE22AFA255007C2FE1 /* Practice_RxSwift.xcdatamodel */;
			path = Practice_RxSwift.xcdatamodeld;
			sourceTree = "<group>";
			versionGroupType = wrapper.xcdatamodel;
		};
/* End XCVersionGroup section */
	};
	rootObject = 6BC6ADDB22AFA255007C2FE1 /* Project object */;
}
